
Microsoft Visual Studio Solution File, Format Version 12.00
# Visual Studio Version 17
VisualStudioVersion = 17.8.34408.163
MinimumVisualStudioVersion = 10.0.40219.1
Project("{FAE04EC0-301F-11D3-BF4B-00C04F79EFBC}") = "ThirdTry", "ThirdTry\ThirdTry.csproj", "{DD2426BB-9418-4B07-B0F9-1512CF73A5CC}"
EndProject
Global
	GlobalSection(SolutionConfigurationPlatforms) = preSolution
		Debug|Any CPU = Debug|Any CPU
		Release|Any CPU = Release|Any CPU
	EndGlobalSection
	GlobalSection(ProjectConfigurationPlatforms) = postSolution
		{DD2426BB-9418-4B07-B0F9-1512CF73A5CC}.Debug|Any CPU.ActiveCfg = Debug|Any CPU
		{DD2426BB-9418-4B07-B0F9-1512CF73A5CC}.Debug|Any CPU.Build.0 = Debug|Any CPU
		{DD2426BB-9418-4B07-B0F9-1512CF73A5CC}.Release|Any CPU.ActiveCfg = Release|Any CPU
		{DD2426BB-9418-4B07-B0F9-1512CF73A5CC}.Release|Any CPU.Build.0 = Release|Any CPU
	EndGlobalSection
	GlobalSection(SolutionProperties) = preSolution
		HideSolutionNode = FALSE
	EndGlobalSection
	GlobalSection(ExtensibilityGlobals) = postSolution
		SolutionGuid = {E8928D7C-3FCD-426F-BF4F-5D12E0F99417}
	EndGlobalSection
EndGlobal
