
Microsoft Visual Studio Solution File, Format Version 12.00
# Visual Studio Version 17
VisualStudioVersion = 17.8.34408.163
MinimumVisualStudioVersion = 10.0.40219.1
Project("{9A19103F-16F7-4668-BE54-9A1E7A4F7556}") = "ThirdTryPlusReport", "ThirdTryPlusReport\ThirdTryPlusReport.csproj", "{FA8CF42E-EC21-471E-B9E2-AB01760D55E2}"
EndProject
Global
	GlobalSection(SolutionConfigurationPlatforms) = preSolution
		Debug|Any CPU = Debug|Any CPU
		Release|Any CPU = Release|Any CPU
	EndGlobalSection
	GlobalSection(ProjectConfigurationPlatforms) = postSolution
		{FA8CF42E-EC21-471E-B9E2-AB01760D55E2}.Debug|Any CPU.ActiveCfg = Debug|Any CPU
		{FA8CF42E-EC21-471E-B9E2-AB01760D55E2}.Debug|Any CPU.Build.0 = Debug|Any CPU
		{FA8CF42E-EC21-471E-B9E2-AB01760D55E2}.Release|Any CPU.ActiveCfg = Release|Any CPU
		{FA8CF42E-EC21-471E-B9E2-AB01760D55E2}.Release|Any CPU.Build.0 = Release|Any CPU
	EndGlobalSection
	GlobalSection(SolutionProperties) = preSolution
		HideSolutionNode = FALSE
	EndGlobalSection
	GlobalSection(ExtensibilityGlobals) = postSolution
		SolutionGuid = {42CF22AC-7A1D-4346-BA82-61E0EAA17018}
	EndGlobalSection
EndGlobal
